
Microsoft Visual Studio Solution File, Format Version 12.00
# Visual Studio 2013
VisualStudioVersion = 12.0.21005.1
MinimumVisualStudioVersion = 10.0.40219.1
Project("{8BC9CEB8-8B4A-11D0-8D11-00A0C91BC942}") = "REVERSI2.0", "REVERSI2.0.vcxproj", "{F981778A-3A27-4BE9-B7C7-629F76EA747B}"
EndProject
Global
	GlobalSection(SolutionConfigurationPlatforms) = preSolution
		Debug|Win32 = Debug|Win32
		Release|Win32 = Release|Win32
	EndGlobalSection
	GlobalSection(ProjectConfigurationPlatforms) = postSolution
		{F981778A-3A27-4BE9-B7C7-629F76EA747B}.Debug|Win32.ActiveCfg = Debug|Win32
		{F981778A-3A27-4BE9-B7C7-629F76EA747B}.Debug|Win32.Build.0 = Debug|Win32
		{F981778A-3A27-4BE9-B7C7-629F76EA747B}.Release|Win32.ActiveCfg = Release|Win32
		{F981778A-3A27-4BE9-B7C7-629F76EA747B}.Release|Win32.Build.0 = Release|Win32
	EndGlobalSection
	GlobalSection(SolutionProperties) = preSolution
		HideSolutionNode = FALSE
	EndGlobalSection
EndGlobal
